
Microsoft Visual Studio Solution File, Format Version 12.00
# Visual Studio Version 17
VisualStudioVersion = 17.0.31903.59
MinimumVisualStudioVersion = 10.0.40219.1
Project("{FAE04EC0-301F-11D3-BF4B-00C04F79EFBC}") = "GestioneSagre.SharedKernel", "src\GestioneSagre.SharedKernel\GestioneSagre.SharedKernel.csproj", "{DF9541F5-BA3A-43DF-82F9-0951F3A9A0E0}"
EndProject
Project("{2150E333-8FDC-42A3-9474-1A3956D46DE8}") = "Elementi di soluzione", "Elementi di soluzione", "{C1CE7E40-8C18-434F-A861-F79C998BBD9C}"
	ProjectSection(SolutionItems) = preProject
		.github\workflows\publish.yml = .github\workflows\publish.yml
		README.md = README.md
	EndProjectSection
EndProject
Global
	GlobalSection(SolutionConfigurationPlatforms) = preSolution
		Debug|Any CPU = Debug|Any CPU
		Release|Any CPU = Release|Any CPU
	EndGlobalSection
	GlobalSection(ProjectConfigurationPlatforms) = postSolution
		{DF9541F5-BA3A-43DF-82F9-0951F3A9A0E0}.Debug|Any CPU.ActiveCfg = Debug|Any CPU
		{DF9541F5-BA3A-43DF-82F9-0951F3A9A0E0}.Debug|Any CPU.Build.0 = Debug|Any CPU
		{DF9541F5-BA3A-43DF-82F9-0951F3A9A0E0}.Release|Any CPU.ActiveCfg = Release|Any CPU
		{DF9541F5-BA3A-43DF-82F9-0951F3A9A0E0}.Release|Any CPU.Build.0 = Release|Any CPU
	EndGlobalSection
	GlobalSection(SolutionProperties) = preSolution
		HideSolutionNode = FALSE
	EndGlobalSection
EndGlobal
